
Microsoft Visual Studio Solution File, Format Version 12.00
# Visual Studio 15
VisualStudioVersion = 15.0.27130.2036
MinimumVisualStudioVersion = 10.0.40219.1
Project("{FAE04EC0-301F-11D3-BF4B-00C04F79EFBC}") = "PikTest", "PikTest\PikTest.csproj", "{511256F5-AFA2-414F-B09F-312BD9EF8EAF}"
EndProject
Project("{FAE04EC0-301F-11D3-BF4B-00C04F79EFBC}") = "PikTestTest", "PikTestTest\PikTestTest.csproj", "{CD0E35C6-D6AB-40BC-8671-E942AB4C03A7}"
EndProject
Global
	GlobalSection(SolutionConfigurationPlatforms) = preSolution
		Debug|Any CPU = Debug|Any CPU
		Release|Any CPU = Release|Any CPU
	EndGlobalSection
	GlobalSection(ProjectConfigurationPlatforms) = postSolution
		{511256F5-AFA2-414F-B09F-312BD9EF8EAF}.Debug|Any CPU.ActiveCfg = Debug|Any CPU
		{511256F5-AFA2-414F-B09F-312BD9EF8EAF}.Debug|Any CPU.Build.0 = Debug|Any CPU
		{511256F5-AFA2-414F-B09F-312BD9EF8EAF}.Release|Any CPU.ActiveCfg = Release|Any CPU
		{511256F5-AFA2-414F-B09F-312BD9EF8EAF}.Release|Any CPU.Build.0 = Release|Any CPU
		{CD0E35C6-D6AB-40BC-8671-E942AB4C03A7}.Debug|Any CPU.ActiveCfg = Debug|Any CPU
		{CD0E35C6-D6AB-40BC-8671-E942AB4C03A7}.Debug|Any CPU.Build.0 = Debug|Any CPU
		{CD0E35C6-D6AB-40BC-8671-E942AB4C03A7}.Release|Any CPU.ActiveCfg = Release|Any CPU
		{CD0E35C6-D6AB-40BC-8671-E942AB4C03A7}.Release|Any CPU.Build.0 = Release|Any CPU
	EndGlobalSection
	GlobalSection(SolutionProperties) = preSolution
		HideSolutionNode = FALSE
	EndGlobalSection
	GlobalSection(ExtensibilityGlobals) = postSolution
		SolutionGuid = {4114A0E6-E8A9-4456-AF1F-AA41D8F60607}
	EndGlobalSection
EndGlobal
